
Microsoft Visual Studio Solution File, Format Version 12.00
# Visual Studio Version 17
VisualStudioVersion = 17.3.32929.385
MinimumVisualStudioVersion = 10.0.40219.1
Project("{FAE04EC0-301F-11D3-BF4B-00C04F79EFBC}") = "Assignment1-PartA", "Assignment1-PartA\Assignment1-PartA.csproj", "{4161A326-0CF0-4AFF-9766-E29E7D673A16}"
EndProject
Global
	GlobalSection(SolutionConfigurationPlatforms) = preSolution
		Debug|Any CPU = Debug|Any CPU
		Release|Any CPU = Release|Any CPU
	EndGlobalSection
	GlobalSection(ProjectConfigurationPlatforms) = postSolution
		{4161A326-0CF0-4AFF-9766-E29E7D673A16}.Debug|Any CPU.ActiveCfg = Debug|Any CPU
		{4161A326-0CF0-4AFF-9766-E29E7D673A16}.Debug|Any CPU.Build.0 = Debug|Any CPU
		{4161A326-0CF0-4AFF-9766-E29E7D673A16}.Release|Any CPU.ActiveCfg = Release|Any CPU
		{4161A326-0CF0-4AFF-9766-E29E7D673A16}.Release|Any CPU.Build.0 = Release|Any CPU
	EndGlobalSection
	GlobalSection(SolutionProperties) = preSolution
		HideSolutionNode = FALSE
	EndGlobalSection
	GlobalSection(ExtensibilityGlobals) = postSolution
		SolutionGuid = {88B896C9-080C-458A-BE53-74191A98327A}
	EndGlobalSection
EndGlobal
