
Microsoft Visual Studio Solution File, Format Version 12.00
# Visual Studio Version 17
VisualStudioVersion = 17.3.32825.248
MinimumVisualStudioVersion = 10.0.40219.1
Project("{FAE04EC0-301F-11D3-BF4B-00C04F79EFBC}") = "Stack-Linear-Array", "Stack-Linear-Array\Stack-Linear-Array.csproj", "{8E39EE39-21A2-4A00-9F06-B47A7484ED61}"
EndProject
Global
	GlobalSection(SolutionConfigurationPlatforms) = preSolution
		Debug|Any CPU = Debug|Any CPU
		Release|Any CPU = Release|Any CPU
	EndGlobalSection
	GlobalSection(ProjectConfigurationPlatforms) = postSolution
		{8E39EE39-21A2-4A00-9F06-B47A7484ED61}.Debug|Any CPU.ActiveCfg = Debug|Any CPU
		{8E39EE39-21A2-4A00-9F06-B47A7484ED61}.Debug|Any CPU.Build.0 = Debug|Any CPU
		{8E39EE39-21A2-4A00-9F06-B47A7484ED61}.Release|Any CPU.ActiveCfg = Release|Any CPU
		{8E39EE39-21A2-4A00-9F06-B47A7484ED61}.Release|Any CPU.Build.0 = Release|Any CPU
	EndGlobalSection
	GlobalSection(SolutionProperties) = preSolution
		HideSolutionNode = FALSE
	EndGlobalSection
	GlobalSection(ExtensibilityGlobals) = postSolution
		SolutionGuid = {38640A09-55B9-48E8-A32B-BD62DA44A277}
	EndGlobalSection
EndGlobal
